{
  "requires": true,
  "lockfileVersion": 1,
  "dependencies": {
    "@types/connect": {
      "version": "3.4.32",
      "resolved": "https://registry.npmjs.org/@types/connect/-/connect-3.4.32.tgz",
      "integrity": "sha512-4r8qa0quOvh7lGD0pre62CAb1oni1OO6ecJLGCezTmhQ8Fz50Arx9RUszryR8KlgK6avuSXvviL6yWyViQABOg==",
      "requires": {
        "@types/node": "10.10.2"
      }
    },
    "@types/graphql": {
      "version": "14.0.0",
      "resolved": "https://registry.npmjs.org/@types/graphql/-/graphql-14.0.0.tgz",
      "integrity": "sha512-fQ61KKDKyEztu4AdZOKGBHz6h4UpDiuMJOhA8A+GsNF+mwBnTtBwVwoU/oDyRDrigB10v5gvZApNqEXyBKmYVg=="
    },
    "@types/meteor": {
      "version": "1.4.21",
      "resolved": "https://registry.npmjs.org/@types/meteor/-/meteor-1.4.21.tgz",
      "integrity": "sha512-lg19rQDWOiKroRpgrzBfwzsBKTa2AGnfgjdIvGL0Q/XqoTyIAsGzwzd8GfsLbbti6G3vPH8fen7BxBCgxH+S7w==",
      "requires": {
        "@types/connect": "3.4.32",
        "@types/underscore": "1.8.9"
      }
    },
    "@types/node": {
      "version": "10.10.2",
      "resolved": "https://registry.npmjs.org/@types/node/-/node-10.10.2.tgz",
      "integrity": "sha512-yg1zoc4aUbsVyKg2eMpmNthOI+Edn2ntiLRxHjhGeFtTwg3CORdqkY0tBZh+TNPnTTtf4iyU5TVxbHVdEjrDTQ=="
    },
    "@types/underscore": {
      "version": "1.8.9",
      "resolved": "https://registry.npmjs.org/@types/underscore/-/underscore-1.8.9.tgz",
      "integrity": "sha512-vfzZGgZKRFy7KEWcBGfIFk+h6B+thDCLfkD1exMBMRlUsx2icA+J6y4kAbZs/TjSTeY1duw89QUU133TSzr60Q=="
    },
    "graphql": {
      "version": "14.0.2",
      "resolved": "https://registry.npmjs.org/graphql/-/graphql-14.0.2.tgz",
      "integrity": "sha512-gUC4YYsaiSJT1h40krG3J+USGlwhzNTXSb4IOZljn9ag5Tj+RkoXrWp+Kh7WyE3t1NCfab5kzCuxBIvOMERMXw==",
      "requires": {
        "iterall": "1.2.2"
      }
    },
    "iterall": {
      "version": "1.2.2",
      "resolved": "https://registry.npmjs.org/iterall/-/iterall-1.2.2.tgz",
      "integrity": "sha512-yynBb1g+RFUPY64fTrFv7nsjRrENBQJaX2UL+2Szc9REFrSNm1rpSXHGzhmAy7a9uv3vlvgBlXnf9RqmPH1/DA=="
    }
  }
}
