{
  "dependencies": {
    "dot-object": {
      "version": "1.5.4",
      "resolved": "https://registry.npmjs.org/dot-object/-/dot-object-1.5.4.tgz",
      "from": "dot-object@1.5.4"
    },
    "sift": {
      "version": "3.2.6",
      "resolved": "https://registry.npmjs.org/sift/-/sift-3.2.6.tgz",
      "from": "sift@3.2.6"
    },
    "simpl-schema": {
      "version": "0.1.1",
      "resolved": "https://registry.npmjs.org/simpl-schema/-/simpl-schema-0.1.1.tgz",
      "from": "simpl-schema@0.1.1"
    }
  }
}
